// !$*UTF8*$!
{
	archiveVersion = 1;
	classes = {
	};
	objectVersion = 48;
	objects = {

/* Begin PBXBuildFile section */
		A9A0BD751F94DEEC0006DBED /* AppDelegate.m in Sources */ = {isa = PBXBuildFile; fileRef = A9A0BD741F94DEEC0006DBED /* AppDelegate.m */; };
		A9A0BD781F94DEEC0006DBED /* ViewController.m in Sources */ = {isa = PBXBuildFile; fileRef = A9A0BD771F94DEEC0006DBED /* ViewController.m */; };
		A9A0BD7B1F94DEEC0006DBED /* Main.storyboard in Resources */ = {isa = PBXBuildFile; fileRef = A9A0BD791F94DEEC0006DBED /* Main.storyboard */; };
		A9A0BD7D1F94DEEC0006DBED /* Assets.xcassets in Resources */ = {isa = PBXBuildFile; fileRef = A9A0BD7C1F94DEEC0006DBED /* Assets.xcassets */; };
		A9A0BD801F94DEEC0006DBED /* LaunchScreen.storyboard in Resources */ = {isa = PBXBuildFile; fileRef = A9A0BD7E1F94DEEC0006DBED /* LaunchScreen.storyboard */; };
		A9A0BD831F94DEEC0006DBED /* main.m in Sources */ = {isa = PBXBuildFile; fileRef = A9A0BD821F94DEEC0006DBED /* main.m */; };
		A9A0BD8D1F94DEEC0006DBED /* RSATests.m in Sources */ = {isa = PBXBuildFile; fileRef = A9A0BD8C1F94DEEC0006DBED /* RSATests.m */; };
		A9A0BD981F94DEEC0006DBED /* RSAUITests.m in Sources */ = {isa = PBXBuildFile; fileRef = A9A0BD971F94DEEC0006DBED /* RSAUITests.m */; };
		A9A0BDA71F94DF1A0006DBED /* Security.framework in Frameworks */ = {isa = PBXBuildFile; fileRef = A9A0BDA61F94DF1A0006DBED /* Security.framework */; };
		A9A0BDAE1F94DF770006DBED /* RSAEncryptor.m in Sources */ = {isa = PBXBuildFile; fileRef = A9A0BDAD1F94DF770006DBED /* RSAEncryptor.m */; };
/* End PBXBuildFile section */

/* Begin PBXContainerItemProxy section */
		A9A0BD891F94DEEC0006DBED /* PBXContainerItemProxy */ = {
			isa = PBXContainerItemProxy;
			containerPortal = A9A0BD681F94DEEC0006DBED /* Project object */;
			proxyType = 1;
			remoteGlobalIDString = A9A0BD6F1F94DEEC0006DBED;
			remoteInfo = RSA;
		};
		A9A0BD941F94DEEC0006DBED /* PBXContainerItemProxy */ = {
			isa = PBXContainerItemProxy;
			containerPortal = A9A0BD681F94DEEC0006DBED /* Project object */;
			proxyType = 1;
			remoteGlobalIDString = A9A0BD6F1F94DEEC0006DBED;
			remoteInfo = RSA;
		};
/* End PBXContainerItemProxy section */

/* Begin PBXFileReference section */
		A9A0BD701F94DEEC0006DBED /* RSA.app */ = {isa = PBXFileReference; explicitFileType = wrapper.application; includeInIndex = 0; path = RSA.app; sourceTree = BUILT_PRODUCTS_DIR; };
		A9A0BD731F94DEEC0006DBED /* AppDelegate.h */ = {isa = PBXFileReference; lastKnownFileType = sourcecode.c.h; path = AppDelegate.h; sourceTree = "<group>"; };
		A9A0BD741F94DEEC0006DBED /* AppDelegate.m */ = {isa = PBXFileReference; lastKnownFileType = sourcecode.c.objc; path = AppDelegate.m; sourceTree = "<group>"; };
		A9A0BD761F94DEEC0006DBED /* ViewController.h */ = {isa = PBXFileReference; lastKnownFileType = sourcecode.c.h; path = ViewController.h; sourceTree = "<group>"; };
		A9A0BD771F94DEEC0006DBED /* ViewController.m */ = {isa = PBXFileReference; lastKnownFileType = sourcecode.c.objc; path = ViewController.m; sourceTree = "<group>"; };
		A9A0BD7A1F94DEEC0006DBED /* Base */ = {isa = PBXFileReference; lastKnownFileType = file.storyboard; name = Base; path = Base.lproj/Main.storyboard; sourceTree = "<group>"; };
		A9A0BD7C1F94DEEC0006DBED /* Assets.xcassets */ = {isa = PBXFileReference; lastKnownFileType = folder.assetcatalog; path = Assets.xcassets; sourceTree = "<group>"; };
		A9A0BD7F1F94DEEC0006DBED /* Base */ = {isa = PBXFileReference; lastKnownFileType = file.storyboard; name = Base; path = Base.lproj/LaunchScreen.storyboard; sourceTree = "<group>"; };
		A9A0BD811F94DEEC0006DBED /* Info.plist */ = {isa = PBXFileReference; lastKnownFileType = text.plist.xml; path = Info.plist; sourceTree = "<group>"; };
		A9A0BD821F94DEEC0006DBED /* main.m */ = {isa = PBXFileReference; lastKnownFileType = sourcecode.c.objc; path = main.m; sourceTree = "<group>"; };
		A9A0BD881F94DEEC0006DBED /* RSATests.xctest */ = {isa = PBXFileReference; explicitFileType = wrapper.cfbundle; includeInIndex = 0; path = RSATests.xctest; sourceTree = BUILT_PRODUCTS_DIR; };
		A9A0BD8C1F94DEEC0006DBED /* RSATests.m */ = {isa = PBXFileReference; lastKnownFileType = sourcecode.c.objc; path = RSATests.m; sourceTree = "<group>"; };
		A9A0BD8E1F94DEEC0006DBED /* Info.plist */ = {isa = PBXFileReference; lastKnownFileType = text.plist.xml; path = Info.plist; sourceTree = "<group>"; };
		A9A0BD931F94DEEC0006DBED /* RSAUITests.xctest */ = {isa = PBXFileReference; explicitFileType = wrapper.cfbundle; includeInIndex = 0; path = RSAUITests.xctest; sourceTree = BUILT_PRODUCTS_DIR; };
		A9A0BD971F94DEEC0006DBED /* RSAUITests.m */ = {isa = PBXFileReference; lastKnownFileType = sourcecode.c.objc; path = RSAUITests.m; sourceTree = "<group>"; };
		A9A0BD991F94DEEC0006DBED /* Info.plist */ = {isa = PBXFileReference; lastKnownFileType = text.plist.xml; path = Info.plist; sourceTree = "<group>"; };
		A9A0BDA61F94DF1A0006DBED /* Security.framework */ = {isa = PBXFileReference; lastKnownFileType = wrapper.framework; name = Security.framework; path = System/Library/Frameworks/Security.framework; sourceTree = SDKROOT; };
		A9A0BDAC1F94DF770006DBED /* RSAEncryptor.h */ = {isa = PBXFileReference; lastKnownFileType = sourcecode.c.h; path = RSAEncryptor.h; sourceTree = "<group>"; };
		A9A0BDAD1F94DF770006DBED /* RSAEncryptor.m */ = {isa = PBXFileReference; lastKnownFileType = sourcecode.c.objc; path = RSAEncryptor.m; sourceTree = "<group>"; };
/* End PBXFileReference section */

/* Begin PBXFrameworksBuildPhase section */
		A9A0BD6D1F94DEEC0006DBED /* Frameworks */ = {
			isa = PBXFrameworksBuildPhase;
			buildActionMask = 2147483647;
			files = (
				A9A0BDA71F94DF1A0006DBED /* Security.framework in Frameworks */,
			);
			runOnlyForDeploymentPostprocessing = 0;
		};
		A9A0BD851F94DEEC0006DBED /* Frameworks */ = {
			isa = PBXFrameworksBuildPhase;
			buildActionMask = 2147483647;
			files = (
			);
			runOnlyForDeploymentPostprocessing = 0;
		};
		A9A0BD901F94DEEC0006DBED /* Frameworks */ = {
			isa = PBXFrameworksBuildPhase;
			buildActionMask = 2147483647;
			files = (
			);
			runOnlyForDeploymentPostprocessing = 0;
		};
/* End PBXFrameworksBuildPhase section */

/* Begin PBXGroup section */
		A9A0BD671F94DEEC0006DBED = {
			isa = PBXGroup;
			children = (
				A9A0BD721F94DEEC0006DBED /* RSA */,
				A9A0BD8B1F94DEEC0006DBED /* RSATests */,
				A9A0BD961F94DEEC0006DBED /* RSAUITests */,
				A9A0BD711F94DEEC0006DBED /* Products */,
				A9A0BDA51F94DF1A0006DBED /* Frameworks */,
			);
			sourceTree = "<group>";
		};
		A9A0BD711F94DEEC0006DBED /* Products */ = {
			isa = PBXGroup;
			children = (
				A9A0BD701F94DEEC0006DBED /* RSA.app */,
				A9A0BD881F94DEEC0006DBED /* RSATests.xctest */,
				A9A0BD931F94DEEC0006DBED /* RSAUITests.xctest */,
			);
			name = Products;
			sourceTree = "<group>";
		};
		A9A0BD721F94DEEC0006DBED /* RSA */ = {
			isa = PBXGroup;
			children = (
				A9A0BD731F94DEEC0006DBED /* AppDelegate.h */,
				A9A0BD741F94DEEC0006DBED /* AppDelegate.m */,
				A9A0BD761F94DEEC0006DBED /* ViewController.h */,
				A9A0BD771F94DEEC0006DBED /* ViewController.m */,
				A9A0BD791F94DEEC0006DBED /* Main.storyboard */,
				A9A0BD7C1F94DEEC0006DBED /* Assets.xcassets */,
				A9A0BD7E1F94DEEC0006DBED /* LaunchScreen.storyboard */,
				A9A0BD811F94DEEC0006DBED /* Info.plist */,
				A9A0BD821F94DEEC0006DBED /* main.m */,
				A9A0BDAC1F94DF770006DBED /* RSAEncryptor.h */,
				A9A0BDAD1F94DF770006DBED /* RSAEncryptor.m */,
			);
			path = RSA;
			sourceTree = "<group>";
		};
		A9A0BD8B1F94DEEC0006DBED /* RSATests */ = {
			isa = PBXGroup;
			children = (
				A9A0BD8C1F94DEEC0006DBED /* RSATests.m */,
				A9A0BD8E1F94DEEC0006DBED /* Info.plist */,
			);
			path = RSATests;
			sourceTree = "<group>";
		};
		A9A0BD961F94DEEC0006DBED /* RSAUITests */ = {
			isa = PBXGroup;
			children = (
				A9A0BD971F94DEEC0006DBED /* RSAUITests.m */,
				A9A0BD991F94DEEC0006DBED /* Info.plist */,
			);
			path = RSAUITests;
			sourceTree = "<group>";
		};
		A9A0BDA51F94DF1A0006DBED /* Frameworks */ = {
			isa = PBXGroup;
			children = (
				A9A0BDA61F94DF1A0006DBED /* Security.framework */,
			);
			name = Frameworks;
			sourceTree = "<group>";
		};
/* End PBXGroup section */

/* Begin PBXNativeTarget section */
		A9A0BD6F1F94DEEC0006DBED /* RSA */ = {
			isa = PBXNativeTarget;
			buildConfigurationList = A9A0BD9C1F94DEEC0006DBED /* Build configuration list for PBXNativeTarget "RSA" */;
			buildPhases = (
				A9A0BD6C1F94DEEC0006DBED /* Sources */,
				A9A0BD6D1F94DEEC0006DBED /* Frameworks */,
				A9A0BD6E1F94DEEC0006DBED /* Resources */,
			);
			buildRules = (
			);
			dependencies = (
			);
			name = RSA;
			productName = RSA;
			productReference = A9A0BD701F94DEEC0006DBED /* RSA.app */;
			productType = "com.apple.product-type.application";
		};
		A9A0BD871F94DEEC0006DBED /* RSATests */ = {
			isa = PBXNativeTarget;
			buildConfigurationList = A9A0BD9F1F94DEEC0006DBED /* Build configuration list for PBXNativeTarget "RSATests" */;
			buildPhases = (
				A9A0BD841F94DEEC0006DBED /* Sources */,
				A9A0BD851F94DEEC0006DBED /* Frameworks */,
				A9A0BD861F94DEEC0006DBED /* Resources */,
			);
			buildRules = (
			);
			dependencies = (
				A9A0BD8A1F94DEEC0006DBED /* PBXTargetDependency */,
			);
			name = RSATests;
			productName = RSATests;
			productReference = A9A0BD881F94DEEC0006DBED /* RSATests.xctest */;
			productType = "com.apple.product-type.bundle.unit-test";
		};
		A9A0BD921F94DEEC0006DBED /* RSAUITests */ = {
			isa = PBXNativeTarget;
			buildConfigurationList = A9A0BDA21F94DEEC0006DBED /* Build configuration list for PBXNativeTarget "RSAUITests" */;
			buildPhases = (
				A9A0BD8F1F94DEEC0006DBED /* Sources */,
				A9A0BD901F94DEEC0006DBED /* Frameworks */,
				A9A0BD911F94DEEC0006DBED /* Resources */,
			);
			buildRules = (
			);
			dependencies = (
				A9A0BD951F94DEEC0006DBED /* PBXTargetDependency */,
			);
			name = RSAUITests;
			productName = RSAUITests;
			productReference = A9A0BD931F94DEEC0006DBED /* RSAUITests.xctest */;
			productType = "com.apple.product-type.bundle.ui-testing";
		};
/* End PBXNativeTarget section */

/* Begin PBXProject section */
		A9A0BD681F94DEEC0006DBED /* Project object */ = {
			isa = PBXProject;
			attributes = {
				LastUpgradeCheck = 0900;
				ORGANIZATIONNAME = "刘福兴";
				TargetAttributes = {
					A9A0BD6F1F94DEEC0006DBED = {
						CreatedOnToolsVersion = 9.0;
						ProvisioningStyle = Automatic;
					};
					A9A0BD871F94DEEC0006DBED = {
						CreatedOnToolsVersion = 9.0;
						ProvisioningStyle = Automatic;
						TestTargetID = A9A0BD6F1F94DEEC0006DBED;
					};
					A9A0BD921F94DEEC0006DBED = {
						CreatedOnToolsVersion = 9.0;
						ProvisioningStyle = Automatic;
						TestTargetID = A9A0BD6F1F94DEEC0006DBED;
					};
				};
			};
			buildConfigurationList = A9A0BD6B1F94DEEC0006DBED /* Build configuration list for PBXProject "RSA" */;
			compatibilityVersion = "Xcode 8.0";
			developmentRegion = en;
			hasScannedForEncodings = 0;
			knownRegions = (
				en,
				Base,
			);
			mainGroup = A9A0BD671F94DEEC0006DBED;
			productRefGroup = A9A0BD711F94DEEC0006DBED /* Products */;
			projectDirPath = "";
			projectRoot = "";
			targets = (
				A9A0BD6F1F94DEEC0006DBED /* RSA */,
				A9A0BD871F94DEEC0006DBED /* RSATests */,
				A9A0BD921F94DEEC0006DBED /* RSAUITests */,
			);
		};
/* End PBXProject section */

/* Begin PBXResourcesBuildPhase section */
		A9A0BD6E1F94DEEC0006DBED /* Resources */ = {
			isa = PBXResourcesBuildPhase;
			buildActionMask = 2147483647;
			files = (
				A9A0BD801F94DEEC0006DBED /* LaunchScreen.storyboard in Resources */,
				A9A0BD7D1F94DEEC0006DBED /* Assets.xcassets in Resources */,
				A9A0BD7B1F94DEEC0006DBED /* Main.storyboard in Resources */,
			);
			runOnlyForDeploymentPostprocessing = 0;
		};
		A9A0BD861F94DEEC0006DBED /* Resources */ = {
			isa = PBXResourcesBuildPhase;
			buildActionMask = 2147483647;
			files = (
			);
			runOnlyForDeploymentPostprocessing = 0;
		};
		A9A0BD911F94DEEC0006DBED /* Resources */ = {
			isa = PBXResourcesBuildPhase;
			buildActionMask = 2147483647;
			files = (
			);
			runOnlyForDeploymentPostprocessing = 0;
		};
/* End PBXResourcesBuildPhase section */

/* Begin PBXSourcesBuildPhase section */
		A9A0BD6C1F94DEEC0006DBED /* Sources */ = {
			isa = PBXSourcesBuildPhase;
			buildActionMask = 2147483647;
			files = (
				A9A0BD781F94DEEC0006DBED /* ViewController.m in Sources */,
				A9A0BDAE1F94DF770006DBED /* RSAEncryptor.m in Sources */,
				A9A0BD831F94DEEC0006DBED /* main.m in Sources */,
				A9A0BD751F94DEEC0006DBED /* AppDelegate.m in Sources */,
			);
			runOnlyForDeploymentPostprocessing = 0;
		};
		A9A0BD841F94DEEC0006DBED /* Sources */ = {
			isa = PBXSourcesBuildPhase;
			buildActionMask = 2147483647;
			files = (
				A9A0BD8D1F94DEEC0006DBED /* RSATests.m in Sources */,
			);
			runOnlyForDeploymentPostprocessing = 0;
		};
		A9A0BD8F1F94DEEC0006DBED /* Sources */ = {
			isa = PBXSourcesBuildPhase;
			buildActionMask = 2147483647;
			files = (
				A9A0BD981F94DEEC0006DBED /* RSAUITests.m in Sources */,
			);
			runOnlyForDeploymentPostprocessing = 0;
		};
/* End PBXSourcesBuildPhase section */

/* Begin PBXTargetDependency section */
		A9A0BD8A1F94DEEC0006DBED /* PBXTargetDependency */ = {
			isa = PBXTargetDependency;
			target = A9A0BD6F1F94DEEC0006DBED /* RSA */;
			targetProxy = A9A0BD891F94DEEC0006DBED /* PBXContainerItemProxy */;
		};
		A9A0BD951F94DEEC0006DBED /* PBXTargetDependency */ = {
			isa = PBXTargetDependency;
			target = A9A0BD6F1F94DEEC0006DBED /* RSA */;
			targetProxy = A9A0BD941F94DEEC0006DBED /* PBXContainerItemProxy */;
		};
/* End PBXTargetDependency section */

/* Begin PBXVariantGroup section */
		A9A0BD791F94DEEC0006DBED /* Main.storyboard */ = {
			isa = PBXVariantGroup;
			children = (
				A9A0BD7A1F94DEEC0006DBED /* Base */,
			);
			name = Main.storyboard;
			sourceTree = "<group>";
		};
		A9A0BD7E1F94DEEC0006DBED /* LaunchScreen.storyboard */ = {
			isa = PBXVariantGroup;
			children = (
				A9A0BD7F1F94DEEC0006DBED /* Base */,
			);
			name = LaunchScreen.storyboard;
			sourceTree = "<group>";
		};
/* End PBXVariantGroup section */

/* Begin XCBuildConfiguration section */
		A9A0BD9A1F94DEEC0006DBED /* Debug */ = {
			isa = XCBuildConfiguration;
			buildSettings = {
				ALWAYS_SEARCH_USER_PATHS = NO;
				CLANG_ANALYZER_NONNULL = YES;
				CLANG_ANALYZER_NUMBER_OBJECT_CONVERSION = YES_AGGRESSIVE;
				CLANG_CXX_LANGUAGE_STANDARD = "gnu++14";
				CLANG_CXX_LIBRARY = "libc++";
				CLANG_ENABLE_MODULES = YES;
				CLANG_ENABLE_OBJC_ARC = YES;
				CLANG_WARN_BLOCK_CAPTURE_AUTORELEASING = YES;
				CLANG_WARN_BOOL_CONVERSION = YES;
				CLANG_WARN_COMMA = YES;
				CLANG_WARN_CONSTANT_CONVERSION = YES;
				CLANG_WARN_DIRECT_OBJC_ISA_USAGE = YES_ERROR;
				CLANG_WARN_DOCUMENTATION_COMMENTS = YES;
				CLANG_WARN_EMPTY_BODY = YES;
				CLANG_WARN_ENUM_CONVERSION = YES;
				CLANG_WARN_INFINITE_RECURSION = YES;
				CLANG_WARN_INT_CONVERSION = YES;
				CLANG_WARN_NON_LITERAL_NULL_CONVERSION = YES;
				CLANG_WARN_OBJC_LITERAL_CONVERSION = YES;
				CLANG_WARN_OBJC_ROOT_CLASS = YES_ERROR;
				CLANG_WARN_RANGE_LOOP_ANALYSIS = YES;
				CLANG_WARN_STRICT_PROTOTYPES = YES;
				CLANG_WARN_SUSPICIOUS_MOVE = YES;
				CLANG_WARN_UNGUARDED_AVAILABILITY = YES_AGGRESSIVE;
				CLANG_WARN_UNREACHABLE_CODE = YES;
				CLANG_WARN__DUPLICATE_METHOD_MATCH = YES;
				CODE_SIGN_IDENTITY = "iPhone Developer";
				COPY_PHASE_STRIP = NO;
				DEBUG_INFORMATION_FORMAT = dwarf;
				ENABLE_STRICT_OBJC_MSGSEND = YES;
				ENABLE_TESTABILITY = YES;
				GCC_C_LANGUAGE_STANDARD = gnu11;
				GCC_DYNAMIC_NO_PIC = NO;
				GCC_NO_COMMON_BLOCKS = YES;
				GCC_OPTIMIZATION_LEVEL = 0;
				GCC_PREPROCESSOR_DEFINITIONS = (
					"DEBUG=1",
					"$(inherited)",
				);
				GCC_WARN_64_TO_32_BIT_CONVERSION = YES;
				GCC_WARN_ABOUT_RETURN_TYPE = YES_ERROR;
				GCC_WARN_UNDECLARED_SELECTOR = YES;
				GCC_WARN_UNINITIALIZED_AUTOS = YES_AGGRESSIVE;
				GCC_WARN_UNUSED_FUNCTION = YES;
				GCC_WARN_UNUSED_VARIABLE = YES;
				IPHONEOS_DEPLOYMENT_TARGET = 11.0;
				MTL_ENABLE_DEBUG_INFO = YES;
				ONLY_ACTIVE_ARCH = YES;
				SDKROOT = iphoneos;
			};
			name = Debug;
		};
		A9A0BD9B1F94DEEC0006DBED /* Release */ = {
			isa = XCBuildConfiguration;
			buildSettings = {
				ALWAYS_SEARCH_USER_PATHS = NO;
				CLANG_ANALYZER_NONNULL = YES;
				CLANG_ANALYZER_NUMBER_OBJECT_CONVERSION = YES_AGGRESSIVE;
				CLANG_CXX_LANGUAGE_STANDARD = "gnu++14";
				CLANG_CXX_LIBRARY = "libc++";
				CLANG_ENABLE_MODULES = YES;
				CLANG_ENABLE_OBJC_ARC = YES;
				CLANG_WARN_BLOCK_CAPTURE_AUTORELEASING = YES;
				CLANG_WARN_BOOL_CONVERSION = YES;
				CLANG_WARN_COMMA = YES;
				CLANG_WARN_CONSTANT_CONVERSION = YES;
				CLANG_WARN_DIRECT_OBJC_ISA_USAGE = YES_ERROR;
				CLANG_WARN_DOCUMENTATION_COMMENTS = YES;
				CLANG_WARN_EMPTY_BODY = YES;
				CLANG_WARN_ENUM_CONVERSION = YES;
				CLANG_WARN_INFINITE_RECURSION = YES;
				CLANG_WARN_INT_CONVERSION = YES;
				CLANG_WARN_NON_LITERAL_NULL_CONVERSION = YES;
				CLANG_WARN_OBJC_LITERAL_CONVERSION = YES;
				CLANG_WARN_OBJC_ROOT_CLASS = YES_ERROR;
				CLANG_WARN_RANGE_LOOP_ANALYSIS = YES;
				CLANG_WARN_STRICT_PROTOTYPES = YES;
				CLANG_WARN_SUSPICIOUS_MOVE = YES;
				CLANG_WARN_UNGUARDED_AVAILABILITY = YES_AGGRESSIVE;
				CLANG_WARN_UNREACHABLE_CODE = YES;
				CLANG_WARN__DUPLICATE_METHOD_MATCH = YES;
				CODE_SIGN_IDENTITY = "iPhone Developer";
				COPY_PHASE_STRIP = NO;
				DEBUG_INFORMATION_FORMAT = "dwarf-with-dsym";
				ENABLE_NS_ASSERTIONS = NO;
				ENABLE_STRICT_OBJC_MSGSEND = YES;
				GCC_C_LANGUAGE_STANDARD = gnu11;
				GCC_NO_COMMON_BLOCKS = YES;
				GCC_WARN_64_TO_32_BIT_CONVERSION = YES;
				GCC_WARN_ABOUT_RETURN_TYPE = YES_ERROR;
				GCC_WARN_UNDECLARED_SELECTOR = YES;
				GCC_WARN_UNINITIALIZED_AUTOS = YES_AGGRESSIVE;
				GCC_WARN_UNUSED_FUNCTION = YES;
				GCC_WARN_UNUSED_VARIABLE = YES;
				IPHONEOS_DEPLOYMENT_TARGET = 11.0;
				MTL_ENABLE_DEBUG_INFO = NO;
				SDKROOT = iphoneos;
				VALIDATE_PRODUCT = YES;
			};
			name = Release;
		};
		A9A0BD9D1F94DEEC0006DBED /* Debug */ = {
			isa = XCBuildConfiguration;
			buildSettings = {
				ASSETCATALOG_COMPILER_APPICON_NAME = AppIcon;
				CODE_SIGN_STYLE = Automatic;
				INFOPLIST_FILE = RSA/Info.plist;
				LD_RUNPATH_SEARCH_PATHS = "$(inherited) @executable_path/Frameworks";
				PRODUCT_BUNDLE_IDENTIFIER = com.gsww.test.RSA;
				PRODUCT_NAME = "$(TARGET_NAME)";
				TARGETED_DEVICE_FAMILY = "1,2";
			};
			name = Debug;
		};
		A9A0BD9E1F94DEEC0006DBED /* Release */ = {
			isa = XCBuildConfiguration;
			buildSettings = {
				ASSETCATALOG_COMPILER_APPICON_NAME = AppIcon;
				CODE_SIGN_STYLE = Automatic;
				INFOPLIST_FILE = RSA/Info.plist;
				LD_RUNPATH_SEARCH_PATHS = "$(inherited) @executable_path/Frameworks";
				PRODUCT_BUNDLE_IDENTIFIER = com.gsww.test.RSA;
				PRODUCT_NAME = "$(TARGET_NAME)";
				TARGETED_DEVICE_FAMILY = "1,2";
			};
			name = Release;
		};
		A9A0BDA01F94DEEC0006DBED /* Debug */ = {
			isa = XCBuildConfiguration;
			buildSettings = {
				BUNDLE_LOADER = "$(TEST_HOST)";
				CODE_SIGN_STYLE = Automatic;
				INFOPLIST_FILE = RSATests/Info.plist;
				LD_RUNPATH_SEARCH_PATHS = "$(inherited) @executable_path/Frameworks @loader_path/Frameworks";
				PRODUCT_BUNDLE_IDENTIFIER = com.gsww.test.RSATests;
				PRODUCT_NAME = "$(TARGET_NAME)";
				TARGETED_DEVICE_FAMILY = "1,2";
				TEST_HOST = "$(BUILT_PRODUCTS_DIR)/RSA.app/RSA";
			};
			name = Debug;
		};
		A9A0BDA11F94DEEC0006DBED /* Release */ = {
			isa = XCBuildConfiguration;
			buildSettings = {
				BUNDLE_LOADER = "$(TEST_HOST)";
				CODE_SIGN_STYLE = Automatic;
				INFOPLIST_FILE = RSATests/Info.plist;
				LD_RUNPATH_SEARCH_PATHS = "$(inherited) @executable_path/Frameworks @loader_path/Frameworks";
				PRODUCT_BUNDLE_IDENTIFIER = com.gsww.test.RSATests;
				PRODUCT_NAME = "$(TARGET_NAME)";
				TARGETED_DEVICE_FAMILY = "1,2";
				TEST_HOST = "$(BUILT_PRODUCTS_DIR)/RSA.app/RSA";
			};
			name = Release;
		};
		A9A0BDA31F94DEEC0006DBED /* Debug */ = {
			isa = XCBuildConfiguration;
			buildSettings = {
				CODE_SIGN_STYLE = Automatic;
				INFOPLIST_FILE = RSAUITests/Info.plist;
				LD_RUNPATH_SEARCH_PATHS = "$(inherited) @executable_path/Frameworks @loader_path/Frameworks";
				PRODUCT_BUNDLE_IDENTIFIER = com.gsww.test.RSAUITests;
				PRODUCT_NAME = "$(TARGET_NAME)";
				TARGETED_DEVICE_FAMILY = "1,2";
				TEST_TARGET_NAME = RSA;
			};
			name = Debug;
		};
		A9A0BDA41F94DEEC0006DBED /* Release */ = {
			isa = XCBuildConfiguration;
			buildSettings = {
				CODE_SIGN_STYLE = Automatic;
				INFOPLIST_FILE = RSAUITests/Info.plist;
				LD_RUNPATH_SEARCH_PATHS = "$(inherited) @executable_path/Frameworks @loader_path/Frameworks";
				PRODUCT_BUNDLE_IDENTIFIER = com.gsww.test.RSAUITests;
				PRODUCT_NAME = "$(TARGET_NAME)";
				TARGETED_DEVICE_FAMILY = "1,2";
				TEST_TARGET_NAME = RSA;
			};
			name = Release;
		};
/* End XCBuildConfiguration section */

/* Begin XCConfigurationList section */
		A9A0BD6B1F94DEEC0006DBED /* Build configuration list for PBXProject "RSA" */ = {
			isa = XCConfigurationList;
			buildConfigurations = (
				A9A0BD9A1F94DEEC0006DBED /* Debug */,
				A9A0BD9B1F94DEEC0006DBED /* Release */,
			);
			defaultConfigurationIsVisible = 0;
			defaultConfigurationName = Release;
		};
		A9A0BD9C1F94DEEC0006DBED /* Build configuration list for PBXNativeTarget "RSA" */ = {
			isa = XCConfigurationList;
			buildConfigurations = (
				A9A0BD9D1F94DEEC0006DBED /* Debug */,
				A9A0BD9E1F94DEEC0006DBED /* Release */,
			);
			defaultConfigurationIsVisible = 0;
			defaultConfigurationName = Release;
		};
		A9A0BD9F1F94DEEC0006DBED /* Build configuration list for PBXNativeTarget "RSATests" */ = {
			isa = XCConfigurationList;
			buildConfigurations = (
				A9A0BDA01F94DEEC0006DBED /* Debug */,
				A9A0BDA11F94DEEC0006DBED /* Release */,
			);
			defaultConfigurationIsVisible = 0;
			defaultConfigurationName = Release;
		};
		A9A0BDA21F94DEEC0006DBED /* Build configuration list for PBXNativeTarget "RSAUITests" */ = {
			isa = XCConfigurationList;
			buildConfigurations = (
				A9A0BDA31F94DEEC0006DBED /* Debug */,
				A9A0BDA41F94DEEC0006DBED /* Release */,
			);
			defaultConfigurationIsVisible = 0;
			defaultConfigurationName = Release;
		};
/* End XCConfigurationList section */
	};
	rootObject = A9A0BD681F94DEEC0006DBED /* Project object */;
}
